
Microsoft Visual Studio Solution File, Format Version 12.00
# Visual Studio Version 17
VisualStudioVersion = 17.3.32901.215
MinimumVisualStudioVersion = 10.0.40219.1
Project("{9A19103F-16F7-4668-BE54-9A1E7A4F7556}") = "Calculator", "Calculator\Calculator.csproj", "{8AC02AB5-7EF0-42A7-A94B-72E1C8CBABC2}"
EndProject
Project("{FAE04EC0-301F-11D3-BF4B-00C04F79EFBC}") = "Calculator.Test.Unit", "Calculator.Test.Unit\Calculator.Test.Unit.csproj", "{45A304B3-BD5D-4BE8-A616-99F3CA8BA064}"
EndProject
Global
	GlobalSection(SolutionConfigurationPlatforms) = preSolution
		Debug|Any CPU = Debug|Any CPU
		Release|Any CPU = Release|Any CPU
	EndGlobalSection
	GlobalSection(ProjectConfigurationPlatforms) = postSolution
		{8AC02AB5-7EF0-42A7-A94B-72E1C8CBABC2}.Debug|Any CPU.ActiveCfg = Debug|Any CPU
		{8AC02AB5-7EF0-42A7-A94B-72E1C8CBABC2}.Debug|Any CPU.Build.0 = Debug|Any CPU
		{8AC02AB5-7EF0-42A7-A94B-72E1C8CBABC2}.Release|Any CPU.ActiveCfg = Release|Any CPU
		{8AC02AB5-7EF0-42A7-A94B-72E1C8CBABC2}.Release|Any CPU.Build.0 = Release|Any CPU
		{45A304B3-BD5D-4BE8-A616-99F3CA8BA064}.Debug|Any CPU.ActiveCfg = Debug|Any CPU
		{45A304B3-BD5D-4BE8-A616-99F3CA8BA064}.Debug|Any CPU.Build.0 = Debug|Any CPU
		{45A304B3-BD5D-4BE8-A616-99F3CA8BA064}.Release|Any CPU.ActiveCfg = Release|Any CPU
		{45A304B3-BD5D-4BE8-A616-99F3CA8BA064}.Release|Any CPU.Build.0 = Release|Any CPU
	EndGlobalSection
	GlobalSection(SolutionProperties) = preSolution
		HideSolutionNode = FALSE
	EndGlobalSection
	GlobalSection(ExtensibilityGlobals) = postSolution
		SolutionGuid = {905F427D-4848-4BE6-B3A8-BEBAA3D87F9F}
	EndGlobalSection
EndGlobal
