
Microsoft Visual Studio Solution File, Format Version 12.00
# Visual Studio Version 16
VisualStudioVersion = 16.0.30907.101
MinimumVisualStudioVersion = 10.0.40219.1
Project("{9A19103F-16F7-4668-BE54-9A1E7A4F7556}") = "CashRegister", "CashRegister\CashRegister.csproj", "{D5B48CAC-10C0-45E7-BB39-111044E84A31}"
EndProject
Project("{FAE04EC0-301F-11D3-BF4B-00C04F79EFBC}") = "CashRegister.Test.Unit", "CashRegister.Test.Unit\CashRegister.Test.Unit.csproj", "{A627C84B-42B7-4863-BA1E-A5CE14B4FB1C}"
EndProject
Global
	GlobalSection(SolutionConfigurationPlatforms) = preSolution
		Debug|Any CPU = Debug|Any CPU
		Release|Any CPU = Release|Any CPU
	EndGlobalSection
	GlobalSection(ProjectConfigurationPlatforms) = postSolution
		{D5B48CAC-10C0-45E7-BB39-111044E84A31}.Debug|Any CPU.ActiveCfg = Debug|Any CPU
		{D5B48CAC-10C0-45E7-BB39-111044E84A31}.Debug|Any CPU.Build.0 = Debug|Any CPU
		{D5B48CAC-10C0-45E7-BB39-111044E84A31}.Release|Any CPU.ActiveCfg = Release|Any CPU
		{D5B48CAC-10C0-45E7-BB39-111044E84A31}.Release|Any CPU.Build.0 = Release|Any CPU
		{A627C84B-42B7-4863-BA1E-A5CE14B4FB1C}.Debug|Any CPU.ActiveCfg = Debug|Any CPU
		{A627C84B-42B7-4863-BA1E-A5CE14B4FB1C}.Debug|Any CPU.Build.0 = Debug|Any CPU
		{A627C84B-42B7-4863-BA1E-A5CE14B4FB1C}.Release|Any CPU.ActiveCfg = Release|Any CPU
		{A627C84B-42B7-4863-BA1E-A5CE14B4FB1C}.Release|Any CPU.Build.0 = Release|Any CPU
	EndGlobalSection
	GlobalSection(SolutionProperties) = preSolution
		HideSolutionNode = FALSE
	EndGlobalSection
	GlobalSection(ExtensibilityGlobals) = postSolution
		SolutionGuid = {57C49D0B-2D8E-451A-86B8-569DDC7599DA}
	EndGlobalSection
EndGlobal
